
Microsoft Visual Studio Solution File, Format Version 12.00
# Visual Studio Version 17
VisualStudioVersion = 17.14.36327.8
MinimumVisualStudioVersion = 10.0.40219.1
Project("{FAE04EC0-301F-11D3-BF4B-00C04F79EFBC}") = "Calculator", "Calculator.csproj", "{7F2334FE-0880-40C2-BB71-E41AC9142532}"
EndProject
Project("{FAE04EC0-301F-11D3-BF4B-00C04F79EFBC}") = "WebApplication1", "..\..\..\Desktop\bin\WebApplication1\WebApplication1.csproj", "{CA8E1B35-4169-4253-848E-DAF255998756}"
EndProject
Global
	GlobalSection(SolutionConfigurationPlatforms) = preSolution
		Debug|Any CPU = Debug|Any CPU
		Debug|x64 = Debug|x64
		Debug|x86 = Debug|x86
		Release|Any CPU = Release|Any CPU
		Release|x64 = Release|x64
		Release|x86 = Release|x86
	EndGlobalSection
	GlobalSection(ProjectConfigurationPlatforms) = postSolution
		{7F2334FE-0880-40C2-BB71-E41AC9142532}.Debug|Any CPU.ActiveCfg = Debug|Any CPU
		{7F2334FE-0880-40C2-BB71-E41AC9142532}.Debug|Any CPU.Build.0 = Debug|Any CPU
		{7F2334FE-0880-40C2-BB71-E41AC9142532}.Debug|x64.ActiveCfg = Debug|Any CPU
		{7F2334FE-0880-40C2-BB71-E41AC9142532}.Debug|x64.Build.0 = Debug|Any CPU
		{7F2334FE-0880-40C2-BB71-E41AC9142532}.Debug|x86.ActiveCfg = Debug|Any CPU
		{7F2334FE-0880-40C2-BB71-E41AC9142532}.Debug|x86.Build.0 = Debug|Any CPU
		{7F2334FE-0880-40C2-BB71-E41AC9142532}.Release|Any CPU.ActiveCfg = Release|Any CPU
		{7F2334FE-0880-40C2-BB71-E41AC9142532}.Release|Any CPU.Build.0 = Release|Any CPU
		{7F2334FE-0880-40C2-BB71-E41AC9142532}.Release|x64.ActiveCfg = Release|Any CPU
		{7F2334FE-0880-40C2-BB71-E41AC9142532}.Release|x64.Build.0 = Release|Any CPU
		{7F2334FE-0880-40C2-BB71-E41AC9142532}.Release|x86.ActiveCfg = Release|Any CPU
		{7F2334FE-0880-40C2-BB71-E41AC9142532}.Release|x86.Build.0 = Release|Any CPU
		{CA8E1B35-4169-4253-848E-DAF255998756}.Debug|Any CPU.ActiveCfg = Debug|Any CPU
		{CA8E1B35-4169-4253-848E-DAF255998756}.Debug|Any CPU.Build.0 = Debug|Any CPU
		{CA8E1B35-4169-4253-848E-DAF255998756}.Debug|x64.ActiveCfg = Debug|Any CPU
		{CA8E1B35-4169-4253-848E-DAF255998756}.Debug|x64.Build.0 = Debug|Any CPU
		{CA8E1B35-4169-4253-848E-DAF255998756}.Debug|x86.ActiveCfg = Debug|Any CPU
		{CA8E1B35-4169-4253-848E-DAF255998756}.Debug|x86.Build.0 = Debug|Any CPU
		{CA8E1B35-4169-4253-848E-DAF255998756}.Release|Any CPU.ActiveCfg = Release|Any CPU
		{CA8E1B35-4169-4253-848E-DAF255998756}.Release|Any CPU.Build.0 = Release|Any CPU
		{CA8E1B35-4169-4253-848E-DAF255998756}.Release|x64.ActiveCfg = Release|Any CPU
		{CA8E1B35-4169-4253-848E-DAF255998756}.Release|x64.Build.0 = Release|Any CPU
		{CA8E1B35-4169-4253-848E-DAF255998756}.Release|x86.ActiveCfg = Release|Any CPU
		{CA8E1B35-4169-4253-848E-DAF255998756}.Release|x86.Build.0 = Release|Any CPU
	EndGlobalSection
	GlobalSection(SolutionProperties) = preSolution
		HideSolutionNode = FALSE
	EndGlobalSection
	GlobalSection(ExtensibilityGlobals) = postSolution
		SolutionGuid = {3A078632-BBA7-43E2-A944-B09BB91B26B1}
	EndGlobalSection
EndGlobal
