Microsoft Visual Studio Solution File, Format Version 12.00
# Visual Studio Version 17
VisualStudioVersion = 17.5.2.0
MinimumVisualStudioVersion = 10.0.40219.1
Project("{FAE04EC0-301F-11D3-BF4B-00C04F79EFBC}") = "dev", "dev.csproj", "{2ABE1EB7-130E-E5F9-DE3A-E28C0B2E98EC}"
EndProject
Global
	GlobalSection(SolutionConfigurationPlatforms) = preSolution
		Debug|Any CPU = Debug|Any CPU
		Release|Any CPU = Release|Any CPU
	EndGlobalSection
	GlobalSection(ProjectConfigurationPlatforms) = postSolution
		{2ABE1EB7-130E-E5F9-DE3A-E28C0B2E98EC}.Debug|Any CPU.ActiveCfg = Debug|Any CPU
		{2ABE1EB7-130E-E5F9-DE3A-E28C0B2E98EC}.Debug|Any CPU.Build.0 = Debug|Any CPU
		{2ABE1EB7-130E-E5F9-DE3A-E28C0B2E98EC}.Release|Any CPU.ActiveCfg = Release|Any CPU
		{2ABE1EB7-130E-E5F9-DE3A-E28C0B2E98EC}.Release|Any CPU.Build.0 = Release|Any CPU
	EndGlobalSection
	GlobalSection(SolutionProperties) = preSolution
		HideSolutionNode = FALSE
	EndGlobalSection
	GlobalSection(ExtensibilityGlobals) = postSolution
		SolutionGuid = {BDF2664D-1009-43AF-93C1-767622B074C9}
	EndGlobalSection
EndGlobal
