Microsoft Visual Studio Solution File, Format Version 12.00
# Visual Studio Version 17
VisualStudioVersion = 17.5.2.0
MinimumVisualStudioVersion = 10.0.40219.1
Project("{FAE04EC0-301F-11D3-BF4B-00C04F79EFBC}") = "swap", "swap.csproj", "{2B951603-5F4F-AA0D-F5DB-1D11E1EC13CF}"
EndProject
Global
	GlobalSection(SolutionConfigurationPlatforms) = preSolution
		Debug|Any CPU = Debug|Any CPU
		Release|Any CPU = Release|Any CPU
	EndGlobalSection
	GlobalSection(ProjectConfigurationPlatforms) = postSolution
		{2B951603-5F4F-AA0D-F5DB-1D11E1EC13CF}.Debug|Any CPU.ActiveCfg = Debug|Any CPU
		{2B951603-5F4F-AA0D-F5DB-1D11E1EC13CF}.Debug|Any CPU.Build.0 = Debug|Any CPU
		{2B951603-5F4F-AA0D-F5DB-1D11E1EC13CF}.Release|Any CPU.ActiveCfg = Release|Any CPU
		{2B951603-5F4F-AA0D-F5DB-1D11E1EC13CF}.Release|Any CPU.Build.0 = Release|Any CPU
	EndGlobalSection
	GlobalSection(SolutionProperties) = preSolution
		HideSolutionNode = FALSE
	EndGlobalSection
	GlobalSection(ExtensibilityGlobals) = postSolution
		SolutionGuid = {448E6C7F-63B0-4AAA-BE10-5A930AE68165}
	EndGlobalSection
EndGlobal
